
Microsoft Visual Studio Solution File, Format Version 12.00
# Visual Studio 15
VisualStudioVersion = 15.0.28010.2048
MinimumVisualStudioVersion = 10.0.40219.1
Project("{FAE04EC0-301F-11D3-BF4B-00C04F79EFBC}") = "LearnMeAThing", "LearnMeAThing\LearnMeAThing.csproj", "{5BCE5AEF-E989-410C-9C2F-AF3CA9689C91}"
EndProject
Project("{FAE04EC0-301F-11D3-BF4B-00C04F79EFBC}") = "LearnMeAThing.Tests", "LearnMeAThing.Tests\LearnMeAThing.Tests.csproj", "{2E3DF5C2-8A38-4A03-86D7-8D463C917E47}"
EndProject
Global
	GlobalSection(SolutionConfigurationPlatforms) = preSolution
		Debug|Any CPU = Debug|Any CPU
		Release|Any CPU = Release|Any CPU
	EndGlobalSection
	GlobalSection(ProjectConfigurationPlatforms) = postSolution
		{5BCE5AEF-E989-410C-9C2F-AF3CA9689C91}.Debug|Any CPU.ActiveCfg = Debug|Any CPU
		{5BCE5AEF-E989-410C-9C2F-AF3CA9689C91}.Debug|Any CPU.Build.0 = Debug|Any CPU
		{5BCE5AEF-E989-410C-9C2F-AF3CA9689C91}.Release|Any CPU.ActiveCfg = Release|Any CPU
		{5BCE5AEF-E989-410C-9C2F-AF3CA9689C91}.Release|Any CPU.Build.0 = Release|Any CPU
		{2E3DF5C2-8A38-4A03-86D7-8D463C917E47}.Debug|Any CPU.ActiveCfg = Debug|Any CPU
		{2E3DF5C2-8A38-4A03-86D7-8D463C917E47}.Debug|Any CPU.Build.0 = Debug|Any CPU
		{2E3DF5C2-8A38-4A03-86D7-8D463C917E47}.Release|Any CPU.ActiveCfg = Release|Any CPU
		{2E3DF5C2-8A38-4A03-86D7-8D463C917E47}.Release|Any CPU.Build.0 = Release|Any CPU
	EndGlobalSection
	GlobalSection(SolutionProperties) = preSolution
		HideSolutionNode = FALSE
	EndGlobalSection
	GlobalSection(ExtensibilityGlobals) = postSolution
		SolutionGuid = {1CB35BAD-5658-4AC5-B930-2751D0AC6FE3}
	EndGlobalSection
EndGlobal
